
Microsoft Visual Studio Solution File, Format Version 12.00
# Visual Studio Version 16
VisualStudioVersion = 16.0.33529.622
MinimumVisualStudioVersion = 10.0.40219.1
Project("{8BC9CEB8-8B4A-11D0-8D11-00A0C91BC942}") = "Section_19_2_I_O_Streams", "Section_19_2_I_O_Streams.vcxproj", "{DF7860B3-76D6-4ED6-AB5A-94E46DC4099C}"
EndProject
Global
	GlobalSection(SolutionConfigurationPlatforms) = preSolution
		Debug|x64 = Debug|x64
		Debug|x86 = Debug|x86
		Release|x64 = Release|x64
		Release|x86 = Release|x86
	EndGlobalSection
	GlobalSection(ProjectConfigurationPlatforms) = postSolution
		{DF7860B3-76D6-4ED6-AB5A-94E46DC4099C}.Debug|x64.ActiveCfg = Debug|x64
		{DF7860B3-76D6-4ED6-AB5A-94E46DC4099C}.Debug|x64.Build.0 = Debug|x64
		{DF7860B3-76D6-4ED6-AB5A-94E46DC4099C}.Debug|x86.ActiveCfg = Debug|Win32
		{DF7860B3-76D6-4ED6-AB5A-94E46DC4099C}.Debug|x86.Build.0 = Debug|Win32
		{DF7860B3-76D6-4ED6-AB5A-94E46DC4099C}.Release|x64.ActiveCfg = Release|x64
		{DF7860B3-76D6-4ED6-AB5A-94E46DC4099C}.Release|x64.Build.0 = Release|x64
		{DF7860B3-76D6-4ED6-AB5A-94E46DC4099C}.Release|x86.ActiveCfg = Release|Win32
		{DF7860B3-76D6-4ED6-AB5A-94E46DC4099C}.Release|x86.Build.0 = Release|Win32
	EndGlobalSection
	GlobalSection(SolutionProperties) = preSolution
		HideSolutionNode = FALSE
	EndGlobalSection
	GlobalSection(ExtensibilityGlobals) = postSolution
		SolutionGuid = {A30C6252-9F87-4D31-8175-FA9295F0D746}
	EndGlobalSection
EndGlobal
